// !$*UTF8*$!
{
	archiveVersion = 1;
	classes = {
	};
	objectVersion = 46;
	objects = {

/* Begin PBXBuildFile section */
		226D74CDCB3F47B72598E764 /* Pods_Baby.framework in Frameworks */ = {isa = PBXBuildFile; fileRef = C5AA92DCF0AFC5317CA3F8F6 /* Pods_Baby.framework */; };
		6613D3A71EA59DA4000EC173 /* AddAddressViewController.swift in Sources */ = {isa = PBXBuildFile; fileRef = 6613D3A61EA59DA4000EC173 /* AddAddressViewController.swift */; };
		66269DFA1EA7377B00D7400D /* StoreViewController.swift in Sources */ = {isa = PBXBuildFile; fileRef = 66269DF91EA7377B00D7400D /* StoreViewController.swift */; };
		665E5B941EA6EE6D002BA5B0 /* GoodsDetailViewController.swift in Sources */ = {isa = PBXBuildFile; fileRef = 665E5B931EA6EE6D002BA5B0 /* GoodsDetailViewController.swift */; };
		665E5B961EA708E2002BA5B0 /* SearchViewController.swift in Sources */ = {isa = PBXBuildFile; fileRef = 665E5B951EA708E2002BA5B0 /* SearchViewController.swift */; };
		666BE1411E9E21F7006BBFFF /* AddressViewController.swift in Sources */ = {isa = PBXBuildFile; fileRef = 666BE1401E9E21F7006BBFFF /* AddressViewController.swift */; };
		667E169B1EADA4E000DB4173 /* SureOrderViewController.swift in Sources */ = {isa = PBXBuildFile; fileRef = 667E169A1EADA4E000DB4173 /* SureOrderViewController.swift */; };
		66B073941E77D5A5007A978D /* AppDelegate.swift in Sources */ = {isa = PBXBuildFile; fileRef = 66B073931E77D5A5007A978D /* AppDelegate.swift */; };
		66B073991E77D5A5007A978D /* Main.storyboard in Resources */ = {isa = PBXBuildFile; fileRef = 66B073971E77D5A5007A978D /* Main.storyboard */; };
		66B0739B1E77D5A5007A978D /* Assets.xcassets in Resources */ = {isa = PBXBuildFile; fileRef = 66B0739A1E77D5A5007A978D /* Assets.xcassets */; };
		66B0739E1E77D5A5007A978D /* LaunchScreen.storyboard in Resources */ = {isa = PBXBuildFile; fileRef = 66B0739C1E77D5A5007A978D /* LaunchScreen.storyboard */; };
		66B073AD1E77D7FC007A978D /* LCTabbar.m in Sources */ = {isa = PBXBuildFile; fileRef = 66B073A81E77D7FC007A978D /* LCTabbar.m */; };
		66B073AE1E77D7FC007A978D /* LCTabBarButton.m in Sources */ = {isa = PBXBuildFile; fileRef = 66B073AA1E77D7FC007A978D /* LCTabBarButton.m */; };
		66B073AF1E77D7FC007A978D /* LCTabBarController.m in Sources */ = {isa = PBXBuildFile; fileRef = 66B073AC1E77D7FC007A978D /* LCTabBarController.m */; };
		66B073B61E77E78C007A978D /* MainViewController.swift in Sources */ = {isa = PBXBuildFile; fileRef = 66B073B51E77E78C007A978D /* MainViewController.swift */; };
		66B073B91E7A2636007A978D /* MainCell.swift in Sources */ = {isa = PBXBuildFile; fileRef = 66B073B81E7A2636007A978D /* MainCell.swift */; };
		66B073BB1E7A26EF007A978D /* Helpers.swift in Sources */ = {isa = PBXBuildFile; fileRef = 66B073BA1E7A26EF007A978D /* Helpers.swift */; };
		66B41A611E971F9A00A5C6BF /* NetworkModel.swift in Sources */ = {isa = PBXBuildFile; fileRef = 66B41A5F1E971F9A00A5C6BF /* NetworkModel.swift */; };
		66B41A621E971F9A00A5C6BF /* UIColor+More.swift in Sources */ = {isa = PBXBuildFile; fileRef = 66B41A601E971F9A00A5C6BF /* UIColor+More.swift */; };
		66B41A641E97222E00A5C6BF /* UITextFieldFactory.swift in Sources */ = {isa = PBXBuildFile; fileRef = 66B41A631E97222E00A5C6BF /* UITextFieldFactory.swift */; };
		66B41A661E97258C00A5C6BF /* LoginViewController.swift in Sources */ = {isa = PBXBuildFile; fileRef = 66B41A651E97258C00A5C6BF /* LoginViewController.swift */; };
		66B41A681E972D6B00A5C6BF /* RegistViewController.swift in Sources */ = {isa = PBXBuildFile; fileRef = 66B41A671E972D6B00A5C6BF /* RegistViewController.swift */; };
		66B41A6A1E973BF300A5C6BF /* UserModel.swift in Sources */ = {isa = PBXBuildFile; fileRef = 66B41A691E973BF300A5C6BF /* UserModel.swift */; };
		66B6726B1E9B6ABC002C939C /* PublishGoodsViewController.swift in Sources */ = {isa = PBXBuildFile; fileRef = 66B6726A1E9B6ABC002C939C /* PublishGoodsViewController.swift */; };
		66B6726D1E9B70AD002C939C /* PublishCell.swift in Sources */ = {isa = PBXBuildFile; fileRef = 66B6726C1E9B70AD002C939C /* PublishCell.swift */; };
		66B6726F1E9B879C002C939C /* CoreLocation.framework in Frameworks */ = {isa = PBXBuildFile; fileRef = 66B6726E1E9B879C002C939C /* CoreLocation.framework */; };
		66B86B481E9DA9DF00EC9339 /* MyPublishViewController.swift in Sources */ = {isa = PBXBuildFile; fileRef = 66B86B471E9DA9DF00EC9339 /* MyPublishViewController.swift */; };
		66EB61FB1E7B6C3600242429 /* UserInfoController.swift in Sources */ = {isa = PBXBuildFile; fileRef = 66EB61F91E7B6C3600242429 /* UserInfoController.swift */; };
		66EB61FC1E7B6C3600242429 /* UserViewController.swift in Sources */ = {isa = PBXBuildFile; fileRef = 66EB61FA1E7B6C3600242429 /* UserViewController.swift */; };
		66EB61FE1E7B6C6400242429 /* OthersViewController.swift in Sources */ = {isa = PBXBuildFile; fileRef = 66EB61FD1E7B6C6400242429 /* OthersViewController.swift */; };
		66EB62021E7B732300242429 /* HireViewController.swift in Sources */ = {isa = PBXBuildFile; fileRef = 66EB62011E7B732300242429 /* HireViewController.swift */; };
/* End PBXBuildFile section */

/* Begin PBXFileReference section */
		6613D3A61EA59DA4000EC173 /* AddAddressViewController.swift */ = {isa = PBXFileReference; fileEncoding = 4; lastKnownFileType = sourcecode.swift; path = AddAddressViewController.swift; sourceTree = "<group>"; };
		66269DF91EA7377B00D7400D /* StoreViewController.swift */ = {isa = PBXFileReference; fileEncoding = 4; lastKnownFileType = sourcecode.swift; path = StoreViewController.swift; sourceTree = "<group>"; };
		665E5B931EA6EE6D002BA5B0 /* GoodsDetailViewController.swift */ = {isa = PBXFileReference; fileEncoding = 4; lastKnownFileType = sourcecode.swift; path = GoodsDetailViewController.swift; sourceTree = "<group>"; };
		665E5B951EA708E2002BA5B0 /* SearchViewController.swift */ = {isa = PBXFileReference; fileEncoding = 4; lastKnownFileType = sourcecode.swift; path = SearchViewController.swift; sourceTree = "<group>"; };
		666BE1401E9E21F7006BBFFF /* AddressViewController.swift */ = {isa = PBXFileReference; fileEncoding = 4; lastKnownFileType = sourcecode.swift; path = AddressViewController.swift; sourceTree = "<group>"; };
		667E169A1EADA4E000DB4173 /* SureOrderViewController.swift */ = {isa = PBXFileReference; fileEncoding = 4; lastKnownFileType = sourcecode.swift; path = SureOrderViewController.swift; sourceTree = "<group>"; };
		66B073901E77D5A5007A978D /* Baby.app */ = {isa = PBXFileReference; explicitFileType = wrapper.application; includeInIndex = 0; path = Baby.app; sourceTree = BUILT_PRODUCTS_DIR; };
		66B073931E77D5A5007A978D /* AppDelegate.swift */ = {isa = PBXFileReference; lastKnownFileType = sourcecode.swift; path = AppDelegate.swift; sourceTree = "<group>"; };
		66B073981E77D5A5007A978D /* Base */ = {isa = PBXFileReference; lastKnownFileType = file.storyboard; name = Base; path = Base.lproj/Main.storyboard; sourceTree = "<group>"; };
		66B0739A1E77D5A5007A978D /* Assets.xcassets */ = {isa = PBXFileReference; lastKnownFileType = folder.assetcatalog; path = Assets.xcassets; sourceTree = "<group>"; };
		66B0739D1E77D5A5007A978D /* Base */ = {isa = PBXFileReference; lastKnownFileType = file.storyboard; name = Base; path = Base.lproj/LaunchScreen.storyboard; sourceTree = "<group>"; };
		66B0739F1E77D5A5007A978D /* Info.plist */ = {isa = PBXFileReference; lastKnownFileType = text.plist.xml; path = Info.plist; sourceTree = "<group>"; };
		66B073A71E77D7FC007A978D /* LCTabbar.h */ = {isa = PBXFileReference; fileEncoding = 4; lastKnownFileType = sourcecode.c.h; path = LCTabbar.h; sourceTree = "<group>"; };
		66B073A81E77D7FC007A978D /* LCTabbar.m */ = {isa = PBXFileReference; fileEncoding = 4; lastKnownFileType = sourcecode.c.objc; path = LCTabbar.m; sourceTree = "<group>"; };
		66B073A91E77D7FC007A978D /* LCTabBarButton.h */ = {isa = PBXFileReference; fileEncoding = 4; lastKnownFileType = sourcecode.c.h; path = LCTabBarButton.h; sourceTree = "<group>"; };
		66B073AA1E77D7FC007A978D /* LCTabBarButton.m */ = {isa = PBXFileReference; fileEncoding = 4; lastKnownFileType = sourcecode.c.objc; path = LCTabBarButton.m; sourceTree = "<group>"; };
		66B073AB1E77D7FC007A978D /* LCTabBarController.h */ = {isa = PBXFileReference; fileEncoding = 4; lastKnownFileType = sourcecode.c.h; path = LCTabBarController.h; sourceTree = "<group>"; };
		66B073AC1E77D7FC007A978D /* LCTabBarController.m */ = {isa = PBXFileReference; fileEncoding = 4; lastKnownFileType = sourcecode.c.objc; path = LCTabBarController.m; sourceTree = "<group>"; };
		66B073B11E77D965007A978D /* Baby-Bridging-Header.h */ = {isa = PBXFileReference; lastKnownFileType = sourcecode.c.h; path = "Baby-Bridging-Header.h"; sourceTree = "<group>"; };
		66B073B51E77E78C007A978D /* MainViewController.swift */ = {isa = PBXFileReference; fileEncoding = 4; lastKnownFileType = sourcecode.swift; path = MainViewController.swift; sourceTree = "<group>"; };
		66B073B81E7A2636007A978D /* MainCell.swift */ = {isa = PBXFileReference; fileEncoding = 4; lastKnownFileType = sourcecode.swift; path = MainCell.swift; sourceTree = "<group>"; };
		66B073BA1E7A26EF007A978D /* Helpers.swift */ = {isa = PBXFileReference; fileEncoding = 4; lastKnownFileType = sourcecode.swift; path = Helpers.swift; sourceTree = "<group>"; };
		66B41A5F1E971F9A00A5C6BF /* NetworkModel.swift */ = {isa = PBXFileReference; fileEncoding = 4; lastKnownFileType = sourcecode.swift; path = NetworkModel.swift; sourceTree = "<group>"; };
		66B41A601E971F9A00A5C6BF /* UIColor+More.swift */ = {isa = PBXFileReference; fileEncoding = 4; lastKnownFileType = sourcecode.swift; path = "UIColor+More.swift"; sourceTree = "<group>"; };
		66B41A631E97222E00A5C6BF /* UITextFieldFactory.swift */ = {isa = PBXFileReference; fileEncoding = 4; lastKnownFileType = sourcecode.swift; path = UITextFieldFactory.swift; sourceTree = "<group>"; };
		66B41A651E97258C00A5C6BF /* LoginViewController.swift */ = {isa = PBXFileReference; fileEncoding = 4; lastKnownFileType = sourcecode.swift; name = LoginViewController.swift; path = Baby/Helpers/LoginViewController.swift; sourceTree = SOURCE_ROOT; };
		66B41A671E972D6B00A5C6BF /* RegistViewController.swift */ = {isa = PBXFileReference; fileEncoding = 4; lastKnownFileType = sourcecode.swift; name = RegistViewController.swift; path = Baby/Helpers/RegistViewController.swift; sourceTree = SOURCE_ROOT; };
		66B41A691E973BF300A5C6BF /* UserModel.swift */ = {isa = PBXFileReference; fileEncoding = 4; lastKnownFileType = sourcecode.swift; path = UserModel.swift; sourceTree = "<group>"; };
		66B6726A1E9B6ABC002C939C /* PublishGoodsViewController.swift */ = {isa = PBXFileReference; fileEncoding = 4; lastKnownFileType = sourcecode.swift; path = PublishGoodsViewController.swift; sourceTree = "<group>"; };
		66B6726C1E9B70AD002C939C /* PublishCell.swift */ = {isa = PBXFileReference; fileEncoding = 4; lastKnownFileType = sourcecode.swift; path = PublishCell.swift; sourceTree = "<group>"; };
		66B6726E1E9B879C002C939C /* CoreLocation.framework */ = {isa = PBXFileReference; lastKnownFileType = wrapper.framework; name = CoreLocation.framework; path = System/Library/Frameworks/CoreLocation.framework; sourceTree = SDKROOT; };
		66B86B471E9DA9DF00EC9339 /* MyPublishViewController.swift */ = {isa = PBXFileReference; fileEncoding = 4; lastKnownFileType = sourcecode.swift; path = MyPublishViewController.swift; sourceTree = "<group>"; };
		66EB61F91E7B6C3600242429 /* UserInfoController.swift */ = {isa = PBXFileReference; fileEncoding = 4; lastKnownFileType = sourcecode.swift; path = UserInfoController.swift; sourceTree = "<group>"; };
		66EB61FA1E7B6C3600242429 /* UserViewController.swift */ = {isa = PBXFileReference; fileEncoding = 4; lastKnownFileType = sourcecode.swift; path = UserViewController.swift; sourceTree = "<group>"; };
		66EB61FD1E7B6C6400242429 /* OthersViewController.swift */ = {isa = PBXFileReference; fileEncoding = 4; lastKnownFileType = sourcecode.swift; path = OthersViewController.swift; sourceTree = "<group>"; };
		66EB62011E7B732300242429 /* HireViewController.swift */ = {isa = PBXFileReference; fileEncoding = 4; lastKnownFileType = sourcecode.swift; path = HireViewController.swift; sourceTree = "<group>"; };
		750763371A0439A1F48D101B /* Pods-Baby.debug.xcconfig */ = {isa = PBXFileReference; includeInIndex = 1; lastKnownFileType = text.xcconfig; name = "Pods-Baby.debug.xcconfig"; path = "Pods/Target Support Files/Pods-Baby/Pods-Baby.debug.xcconfig"; sourceTree = "<group>"; };
		BB3A09CC14FFF2CD1A76D5B1 /* Pods-Baby.release.xcconfig */ = {isa = PBXFileReference; includeInIndex = 1; lastKnownFileType = text.xcconfig; name = "Pods-Baby.release.xcconfig"; path = "Pods/Target Support Files/Pods-Baby/Pods-Baby.release.xcconfig"; sourceTree = "<group>"; };
		C5AA92DCF0AFC5317CA3F8F6 /* Pods_Baby.framework */ = {isa = PBXFileReference; explicitFileType = wrapper.framework; includeInIndex = 0; path = Pods_Baby.framework; sourceTree = BUILT_PRODUCTS_DIR; };
/* End PBXFileReference section */

/* Begin PBXFrameworksBuildPhase section */
		66B0738D1E77D5A5007A978D /* Frameworks */ = {
			isa = PBXFrameworksBuildPhase;
			buildActionMask = 2147483647;
			files = (
				66B6726F1E9B879C002C939C /* CoreLocation.framework in Frameworks */,
				226D74CDCB3F47B72598E764 /* Pods_Baby.framework in Frameworks */,
			);
			runOnlyForDeploymentPostprocessing = 0;
		};
/* End PBXFrameworksBuildPhase section */

/* Begin PBXGroup section */
		665E5B921EA6EE52002BA5B0 /* DetailVC */ = {
			isa = PBXGroup;
			children = (
				665E5B931EA6EE6D002BA5B0 /* GoodsDetailViewController.swift */,
				665E5B951EA708E2002BA5B0 /* SearchViewController.swift */,
				667E169A1EADA4E000DB4173 /* SureOrderViewController.swift */,
			);
			path = DetailVC;
			sourceTree = "<group>";
		};
		66B073871E77D5A5007A978D = {
			isa = PBXGroup;
			children = (
				66B073921E77D5A5007A978D /* Baby */,
				66B073911E77D5A5007A978D /* Products */,
				E9C63D72E78DF88BCBB2536E /* Pods */,
				C0AB8CAD22AF3D3949B60E6B /* Frameworks */,
			);
			sourceTree = "<group>";
		};
		66B073911E77D5A5007A978D /* Products */ = {
			isa = PBXGroup;
			children = (
				66B073901E77D5A5007A978D /* Baby.app */,
			);
			name = Products;
			sourceTree = "<group>";
		};
		66B073921E77D5A5007A978D /* Baby */ = {
			isa = PBXGroup;
			children = (
				66EB62031E7B769400242429 /* Login */,
				66EB61F71E7B6C2600242429 /* UserVC */,
				66B073B41E77E773007A978D /* MainVC */,
				66B672691E9B6AA6002C939C /* PublishVC */,
				66B073B71E7A20F3007A978D /* CustomView */,
				66B073B01E77D942007A978D /* Helpers */,
				66B073A51E77D643007A978D /* 3rdparty */,
				66B073931E77D5A5007A978D /* AppDelegate.swift */,
				66B073971E77D5A5007A978D /* Main.storyboard */,
				66B0739A1E77D5A5007A978D /* Assets.xcassets */,
				66B0739C1E77D5A5007A978D /* LaunchScreen.storyboard */,
				66B0739F1E77D5A5007A978D /* Info.plist */,
			);
			path = Baby;
			sourceTree = "<group>";
		};
		66B073A51E77D643007A978D /* 3rdparty */ = {
			isa = PBXGroup;
			children = (
				66B073A61E77D7FC007A978D /* CustomBar */,
			);
			path = 3rdparty;
			sourceTree = "<group>";
		};
		66B073A61E77D7FC007A978D /* CustomBar */ = {
			isa = PBXGroup;
			children = (
				66B073A71E77D7FC007A978D /* LCTabbar.h */,
				66B073A81E77D7FC007A978D /* LCTabbar.m */,
				66B073A91E77D7FC007A978D /* LCTabBarButton.h */,
				66B073AA1E77D7FC007A978D /* LCTabBarButton.m */,
				66B073AB1E77D7FC007A978D /* LCTabBarController.h */,
				66B073AC1E77D7FC007A978D /* LCTabBarController.m */,
			);
			path = CustomBar;
			sourceTree = "<group>";
		};
		66B073B01E77D942007A978D /* Helpers */ = {
			isa = PBXGroup;
			children = (
				66B41A691E973BF300A5C6BF /* UserModel.swift */,
				66B41A631E97222E00A5C6BF /* UITextFieldFactory.swift */,
				66B41A5F1E971F9A00A5C6BF /* NetworkModel.swift */,
				66B41A601E971F9A00A5C6BF /* UIColor+More.swift */,
				66B073BA1E7A26EF007A978D /* Helpers.swift */,
				66B073B11E77D965007A978D /* Baby-Bridging-Header.h */,
			);
			path = Helpers;
			sourceTree = "<group>";
		};
		66B073B41E77E773007A978D /* MainVC */ = {
			isa = PBXGroup;
			children = (
				66B073B51E77E78C007A978D /* MainViewController.swift */,
				665E5B921EA6EE52002BA5B0 /* DetailVC */,
			);
			path = MainVC;
			sourceTree = "<group>";
		};
		66B073B71E7A20F3007A978D /* CustomView */ = {
			isa = PBXGroup;
			children = (
				66B073B81E7A2636007A978D /* MainCell.swift */,
				66B6726C1E9B70AD002C939C /* PublishCell.swift */,
			);
			path = CustomView;
			sourceTree = "<group>";
		};
		66B672691E9B6AA6002C939C /* PublishVC */ = {
			isa = PBXGroup;
			children = (
				66B6726A1E9B6ABC002C939C /* PublishGoodsViewController.swift */,
			);
			path = PublishVC;
			sourceTree = "<group>";
		};
		66EB61F71E7B6C2600242429 /* UserVC */ = {
			isa = PBXGroup;
			children = (
				66EB61F81E7B6C3600242429 /* UserFuction */,
				66EB61F91E7B6C3600242429 /* UserInfoController.swift */,
				66EB61FA1E7B6C3600242429 /* UserViewController.swift */,
			);
			path = UserVC;
			sourceTree = "<group>";
		};
		66EB61F81E7B6C3600242429 /* UserFuction */ = {
			isa = PBXGroup;
			children = (
				66EB61FD1E7B6C6400242429 /* OthersViewController.swift */,
				66EB62011E7B732300242429 /* HireViewController.swift */,
				66B86B471E9DA9DF00EC9339 /* MyPublishViewController.swift */,
				666BE1401E9E21F7006BBFFF /* AddressViewController.swift */,
				6613D3A61EA59DA4000EC173 /* AddAddressViewController.swift */,
				66269DF91EA7377B00D7400D /* StoreViewController.swift */,
			);
			path = UserFuction;
			sourceTree = "<group>";
		};
		66EB62031E7B769400242429 /* Login */ = {
			isa = PBXGroup;
			children = (
				66B41A651E97258C00A5C6BF /* LoginViewController.swift */,
				66B41A671E972D6B00A5C6BF /* RegistViewController.swift */,
			);
			path = Login;
			sourceTree = "<group>";
		};
		C0AB8CAD22AF3D3949B60E6B /* Frameworks */ = {
			isa = PBXGroup;
			children = (
				66B6726E1E9B879C002C939C /* CoreLocation.framework */,
				C5AA92DCF0AFC5317CA3F8F6 /* Pods_Baby.framework */,
			);
			name = Frameworks;
			sourceTree = "<group>";
		};
		E9C63D72E78DF88BCBB2536E /* Pods */ = {
			isa = PBXGroup;
			children = (
				750763371A0439A1F48D101B /* Pods-Baby.debug.xcconfig */,
				BB3A09CC14FFF2CD1A76D5B1 /* Pods-Baby.release.xcconfig */,
			);
			name = Pods;
			sourceTree = "<group>";
		};
/* End PBXGroup section */

/* Begin PBXNativeTarget section */
		66B0738F1E77D5A5007A978D /* Baby */ = {
			isa = PBXNativeTarget;
			buildConfigurationList = 66B073A21E77D5A5007A978D /* Build configuration list for PBXNativeTarget "Baby" */;
			buildPhases = (
				B4704B38547ED9BFE0703699 /* [CP] Check Pods Manifest.lock */,
				66B0738C1E77D5A5007A978D /* Sources */,
				66B0738D1E77D5A5007A978D /* Frameworks */,
				66B0738E1E77D5A5007A978D /* Resources */,
				F41E145BF67ED77D4A671564 /* [CP] Embed Pods Frameworks */,
				E712310C8305FDFA75D30F3E /* [CP] Copy Pods Resources */,
			);
			buildRules = (
			);
			dependencies = (
			);
			name = Baby;
			productName = Baby;
			productReference = 66B073901E77D5A5007A978D /* Baby.app */;
			productType = "com.apple.product-type.application";
		};
/* End PBXNativeTarget section */

/* Begin PBXProject section */
		66B073881E77D5A5007A978D /* Project object */ = {
			isa = PBXProject;
			attributes = {
				LastSwiftUpdateCheck = 0820;
				LastUpgradeCheck = 0820;
				ORGANIZATIONNAME = YunTu;
				TargetAttributes = {
					66B0738F1E77D5A5007A978D = {
						CreatedOnToolsVersion = 8.2;
						DevelopmentTeam = PA5REWWP2Y;
						ProvisioningStyle = Automatic;
					};
				};
			};
			buildConfigurationList = 66B0738B1E77D5A5007A978D /* Build configuration list for PBXProject "Baby" */;
			compatibilityVersion = "Xcode 3.2";
			developmentRegion = English;
			hasScannedForEncodings = 0;
			knownRegions = (
				en,
				Base,
			);
			mainGroup = 66B073871E77D5A5007A978D;
			productRefGroup = 66B073911E77D5A5007A978D /* Products */;
			projectDirPath = "";
			projectRoot = "";
			targets = (
				66B0738F1E77D5A5007A978D /* Baby */,
			);
		};
/* End PBXProject section */

/* Begin PBXResourcesBuildPhase section */
		66B0738E1E77D5A5007A978D /* Resources */ = {
			isa = PBXResourcesBuildPhase;
			buildActionMask = 2147483647;
			files = (
				66B0739E1E77D5A5007A978D /* LaunchScreen.storyboard in Resources */,
				66B0739B1E77D5A5007A978D /* Assets.xcassets in Resources */,
				66B073991E77D5A5007A978D /* Main.storyboard in Resources */,
			);
			runOnlyForDeploymentPostprocessing = 0;
		};
/* End PBXResourcesBuildPhase section */

/* Begin PBXShellScriptBuildPhase section */
		B4704B38547ED9BFE0703699 /* [CP] Check Pods Manifest.lock */ = {
			isa = PBXShellScriptBuildPhase;
			buildActionMask = 2147483647;
			files = (
			);
			inputPaths = (
			);
			name = "[CP] Check Pods Manifest.lock";
			outputPaths = (
			);
			runOnlyForDeploymentPostprocessing = 0;
			shellPath = /bin/sh;
			shellScript = "diff \"${PODS_PODFILE_DIR_PATH}/Podfile.lock\" \"${PODS_ROOT}/Manifest.lock\" > /dev/null\nif [ $? != 0 ] ; then\n    # print error to STDERR\n    echo \"error: The sandbox is not in sync with the Podfile.lock. Run 'pod install' or update your CocoaPods installation.\" >&2\n    exit 1\nfi\n";
			showEnvVarsInLog = 0;
		};
		E712310C8305FDFA75D30F3E /* [CP] Copy Pods Resources */ = {
			isa = PBXShellScriptBuildPhase;
			buildActionMask = 2147483647;
			files = (
			);
			inputPaths = (
			);
			name = "[CP] Copy Pods Resources";
			outputPaths = (
			);
			runOnlyForDeploymentPostprocessing = 0;
			shellPath = /bin/sh;
			shellScript = "\"${SRCROOT}/Pods/Target Support Files/Pods-Baby/Pods-Baby-resources.sh\"\n";
			showEnvVarsInLog = 0;
		};
		F41E145BF67ED77D4A671564 /* [CP] Embed Pods Frameworks */ = {
			isa = PBXShellScriptBuildPhase;
			buildActionMask = 2147483647;
			files = (
			);
			inputPaths = (
			);
			name = "[CP] Embed Pods Frameworks";
			outputPaths = (
			);
			runOnlyForDeploymentPostprocessing = 0;
			shellPath = /bin/sh;
			shellScript = "\"${SRCROOT}/Pods/Target Support Files/Pods-Baby/Pods-Baby-frameworks.sh\"\n";
			showEnvVarsInLog = 0;
		};
/* End PBXShellScriptBuildPhase section */

/* Begin PBXSourcesBuildPhase section */
		66B0738C1E77D5A5007A978D /* Sources */ = {
			isa = PBXSourcesBuildPhase;
			buildActionMask = 2147483647;
			files = (
				66B6726D1E9B70AD002C939C /* PublishCell.swift in Sources */,
				66B41A641E97222E00A5C6BF /* UITextFieldFactory.swift in Sources */,
				66B41A611E971F9A00A5C6BF /* NetworkModel.swift in Sources */,
				66B41A681E972D6B00A5C6BF /* RegistViewController.swift in Sources */,
				66EB61FE1E7B6C6400242429 /* OthersViewController.swift in Sources */,
				66B41A661E97258C00A5C6BF /* LoginViewController.swift in Sources */,
				66B073AD1E77D7FC007A978D /* LCTabbar.m in Sources */,
				66B41A621E971F9A00A5C6BF /* UIColor+More.swift in Sources */,
				66EB61FC1E7B6C3600242429 /* UserViewController.swift in Sources */,
				66B6726B1E9B6ABC002C939C /* PublishGoodsViewController.swift in Sources */,
				66269DFA1EA7377B00D7400D /* StoreViewController.swift in Sources */,
				66B41A6A1E973BF300A5C6BF /* UserModel.swift in Sources */,
				667E169B1EADA4E000DB4173 /* SureOrderViewController.swift in Sources */,
				6613D3A71EA59DA4000EC173 /* AddAddressViewController.swift in Sources */,
				66B073BB1E7A26EF007A978D /* Helpers.swift in Sources */,
				666BE1411E9E21F7006BBFFF /* AddressViewController.swift in Sources */,
				66B86B481E9DA9DF00EC9339 /* MyPublishViewController.swift in Sources */,
				66EB61FB1E7B6C3600242429 /* UserInfoController.swift in Sources */,
				66B073941E77D5A5007A978D /* AppDelegate.swift in Sources */,
				665E5B941EA6EE6D002BA5B0 /* GoodsDetailViewController.swift in Sources */,
				665E5B961EA708E2002BA5B0 /* SearchViewController.swift in Sources */,
				66B073B91E7A2636007A978D /* MainCell.swift in Sources */,
				66B073AF1E77D7FC007A978D /* LCTabBarController.m in Sources */,
				66EB62021E7B732300242429 /* HireViewController.swift in Sources */,
				66B073AE1E77D7FC007A978D /* LCTabBarButton.m in Sources */,
				66B073B61E77E78C007A978D /* MainViewController.swift in Sources */,
			);
			runOnlyForDeploymentPostprocessing = 0;
		};
/* End PBXSourcesBuildPhase section */

/* Begin PBXVariantGroup section */
		66B073971E77D5A5007A978D /* Main.storyboard */ = {
			isa = PBXVariantGroup;
			children = (
				66B073981E77D5A5007A978D /* Base */,
			);
			name = Main.storyboard;
			sourceTree = "<group>";
		};
		66B0739C1E77D5A5007A978D /* LaunchScreen.storyboard */ = {
			isa = PBXVariantGroup;
			children = (
				66B0739D1E77D5A5007A978D /* Base */,
			);
			name = LaunchScreen.storyboard;
			sourceTree = "<group>";
		};
/* End PBXVariantGroup section */

/* Begin XCBuildConfiguration section */
		66B073A01E77D5A5007A978D /* Debug */ = {
			isa = XCBuildConfiguration;
			buildSettings = {
				ALWAYS_SEARCH_USER_PATHS = NO;
				CLANG_ANALYZER_NONNULL = YES;
				CLANG_CXX_LANGUAGE_STANDARD = "gnu++0x";
				CLANG_CXX_LIBRARY = "libc++";
				CLANG_ENABLE_MODULES = YES;
				CLANG_ENABLE_OBJC_ARC = YES;
				CLANG_WARN_BOOL_CONVERSION = YES;
				CLANG_WARN_CONSTANT_CONVERSION = YES;
				CLANG_WARN_DIRECT_OBJC_ISA_USAGE = YES_ERROR;
				CLANG_WARN_DOCUMENTATION_COMMENTS = YES;
				CLANG_WARN_EMPTY_BODY = YES;
				CLANG_WARN_ENUM_CONVERSION = YES;
				CLANG_WARN_INFINITE_RECURSION = YES;
				CLANG_WARN_INT_CONVERSION = YES;
				CLANG_WARN_OBJC_ROOT_CLASS = YES_ERROR;
				CLANG_WARN_SUSPICIOUS_MOVE = YES;
				CLANG_WARN_UNREACHABLE_CODE = YES;
				CLANG_WARN__DUPLICATE_METHOD_MATCH = YES;
				"CODE_SIGN_IDENTITY[sdk=iphoneos*]" = "iPhone Developer";
				COPY_PHASE_STRIP = NO;
				DEBUG_INFORMATION_FORMAT = dwarf;
				ENABLE_STRICT_OBJC_MSGSEND = YES;
				ENABLE_TESTABILITY = YES;
				GCC_C_LANGUAGE_STANDARD = gnu99;
				GCC_DYNAMIC_NO_PIC = NO;
				GCC_NO_COMMON_BLOCKS = YES;
				GCC_OPTIMIZATION_LEVEL = 0;
				GCC_PREPROCESSOR_DEFINITIONS = (
					"DEBUG=1",
					"$(inherited)",
				);
				GCC_WARN_64_TO_32_BIT_CONVERSION = YES;
				GCC_WARN_ABOUT_RETURN_TYPE = YES_ERROR;
				GCC_WARN_UNDECLARED_SELECTOR = YES;
				GCC_WARN_UNINITIALIZED_AUTOS = YES_AGGRESSIVE;
				GCC_WARN_UNUSED_FUNCTION = YES;
				GCC_WARN_UNUSED_VARIABLE = YES;
				IPHONEOS_DEPLOYMENT_TARGET = 10.2;
				MTL_ENABLE_DEBUG_INFO = YES;
				ONLY_ACTIVE_ARCH = YES;
				SDKROOT = iphoneos;
				SWIFT_ACTIVE_COMPILATION_CONDITIONS = DEBUG;
				SWIFT_OPTIMIZATION_LEVEL = "-Onone";
			};
			name = Debug;
		};
		66B073A11E77D5A5007A978D /* Release */ = {
			isa = XCBuildConfiguration;
			buildSettings = {
				ALWAYS_SEARCH_USER_PATHS = NO;
				CLANG_ANALYZER_NONNULL = YES;
				CLANG_CXX_LANGUAGE_STANDARD = "gnu++0x";
				CLANG_CXX_LIBRARY = "libc++";
				CLANG_ENABLE_MODULES = YES;
				CLANG_ENABLE_OBJC_ARC = YES;
				CLANG_WARN_BOOL_CONVERSION = YES;
				CLANG_WARN_CONSTANT_CONVERSION = YES;
				CLANG_WARN_DIRECT_OBJC_ISA_USAGE = YES_ERROR;
				CLANG_WARN_DOCUMENTATION_COMMENTS = YES;
				CLANG_WARN_EMPTY_BODY = YES;
				CLANG_WARN_ENUM_CONVERSION = YES;
				CLANG_WARN_INFINITE_RECURSION = YES;
				CLANG_WARN_INT_CONVERSION = YES;
				CLANG_WARN_OBJC_ROOT_CLASS = YES_ERROR;
				CLANG_WARN_SUSPICIOUS_MOVE = YES;
				CLANG_WARN_UNREACHABLE_CODE = YES;
				CLANG_WARN__DUPLICATE_METHOD_MATCH = YES;
				"CODE_SIGN_IDENTITY[sdk=iphoneos*]" = "iPhone Developer";
				COPY_PHASE_STRIP = NO;
				DEBUG_INFORMATION_FORMAT = "dwarf-with-dsym";
				ENABLE_NS_ASSERTIONS = NO;
				ENABLE_STRICT_OBJC_MSGSEND = YES;
				GCC_C_LANGUAGE_STANDARD = gnu99;
				GCC_NO_COMMON_BLOCKS = YES;
				GCC_WARN_64_TO_32_BIT_CONVERSION = YES;
				GCC_WARN_ABOUT_RETURN_TYPE = YES_ERROR;
				GCC_WARN_UNDECLARED_SELECTOR = YES;
				GCC_WARN_UNINITIALIZED_AUTOS = YES_AGGRESSIVE;
				GCC_WARN_UNUSED_FUNCTION = YES;
				GCC_WARN_UNUSED_VARIABLE = YES;
				IPHONEOS_DEPLOYMENT_TARGET = 10.2;
				MTL_ENABLE_DEBUG_INFO = NO;
				SDKROOT = iphoneos;
				SWIFT_OPTIMIZATION_LEVEL = "-Owholemodule";
				VALIDATE_PRODUCT = YES;
			};
			name = Release;
		};
		66B073A31E77D5A5007A978D /* Debug */ = {
			isa = XCBuildConfiguration;
			baseConfigurationReference = 750763371A0439A1F48D101B /* Pods-Baby.debug.xcconfig */;
			buildSettings = {
				ASSETCATALOG_COMPILER_APPICON_NAME = AppIcon;
				DEVELOPMENT_TEAM = PA5REWWP2Y;
				ENABLE_BITCODE = NO;
				INFOPLIST_FILE = Baby/Info.plist;
				IPHONEOS_DEPLOYMENT_TARGET = 8.0;
				LD_RUNPATH_SEARCH_PATHS = "$(inherited) @executable_path/Frameworks";
				PRODUCT_BUNDLE_IDENTIFIER = com.work.Baby;
				PRODUCT_NAME = "$(TARGET_NAME)";
				SWIFT_OBJC_BRIDGING_HEADER = "Baby/Helpers/Baby-Bridging-Header.h";
				SWIFT_VERSION = 3.0;
			};
			name = Debug;
		};
		66B073A41E77D5A5007A978D /* Release */ = {
			isa = XCBuildConfiguration;
			baseConfigurationReference = BB3A09CC14FFF2CD1A76D5B1 /* Pods-Baby.release.xcconfig */;
			buildSettings = {
				ASSETCATALOG_COMPILER_APPICON_NAME = AppIcon;
				DEVELOPMENT_TEAM = PA5REWWP2Y;
				ENABLE_BITCODE = NO;
				INFOPLIST_FILE = Baby/Info.plist;
				IPHONEOS_DEPLOYMENT_TARGET = 8.0;
				LD_RUNPATH_SEARCH_PATHS = "$(inherited) @executable_path/Frameworks";
				PRODUCT_BUNDLE_IDENTIFIER = com.work.Baby;
				PRODUCT_NAME = "$(TARGET_NAME)";
				SWIFT_OBJC_BRIDGING_HEADER = "Baby/Helpers/Baby-Bridging-Header.h";
				SWIFT_VERSION = 3.0;
			};
			name = Release;
		};
/* End XCBuildConfiguration section */

/* Begin XCConfigurationList section */
		66B0738B1E77D5A5007A978D /* Build configuration list for PBXProject "Baby" */ = {
			isa = XCConfigurationList;
			buildConfigurations = (
				66B073A01E77D5A5007A978D /* Debug */,
				66B073A11E77D5A5007A978D /* Release */,
			);
			defaultConfigurationIsVisible = 0;
			defaultConfigurationName = Release;
		};
		66B073A21E77D5A5007A978D /* Build configuration list for PBXNativeTarget "Baby" */ = {
			isa = XCConfigurationList;
			buildConfigurations = (
				66B073A31E77D5A5007A978D /* Debug */,
				66B073A41E77D5A5007A978D /* Release */,
			);
			defaultConfigurationIsVisible = 0;
			defaultConfigurationName = Release;
		};
/* End XCConfigurationList section */
	};
	rootObject = 66B073881E77D5A5007A978D /* Project object */;
}
